<?xml version="1.0" encoding="utf-8"?>
<Project ToolsVersion="4.0" xmlns="http://schemas.microsoft.com/developer/msbuild/2003">
  <ItemGroup>
    <Filter Include="Tools">
      <UniqueIdentifier>{022e89ba-982c-4163-afa4-6d08567366dd}</UniqueIdentifier>
    </Filter>
    <Filter Include="Calculation">
      <UniqueIdentifier>{8e2ca4d7-98e8-4f53-b94b-b007dec767cd}</UniqueIdentifier>
    </Filter>
    <Filter Include="Interfaces">
      <UniqueIdentifier>{5cef31dd-ad32-4512-9175-70db9036a6d8}</UniqueIdentifier>
    </Filter>
    <Filter Include="CommonTypes">
      <UniqueIdentifier>{8f3d834b-e1a7-46f9-b4cd-0fc8a67b8dcc}</UniqueIdentifier>
    </Filter>
    <Filter Include="CommonTypes\DataStorage">
      <UniqueIdentifier>{8358d99f-08a9-4b34-93dd-62ecc2787224}</UniqueIdentifier>
    </Filter>
  </ItemGroup>
  <ItemGroup>
    <ClInclude Include="stdafx.h">
      <Filter>Tools</Filter>
    </ClInclude>
    <ClInclude Include="Tools\Tools.h">
      <Filter>Tools</Filter>
    </ClInclude>
  </ItemGroup>
  <ItemGroup>
    <ClCompile Include="stdafx.cpp">
      <Filter>Tools</Filter>
    </ClCompile>
    <ClCompile Include="Tools\Tools.cpp">
      <Filter>Tools</Filter>
    </ClCompile>
    <ClCompile Include="test_Operation.cpp">
      <Filter>Calculation</Filter>
    </ClCompile>
    <ClCompile Include="test_STR.cpp">
      <Filter>Interfaces</Filter>
    </ClCompile>
    <ClCompile Include="test_CFG.cpp">
      <Filter>Interfaces</Filter>
    </ClCompile>
    <ClCompile Include="test_Except.cpp">
      <Filter>CommonTypes</Filter>
    </ClCompile>
    <ClCompile Include="test_ValStoreLineT.cpp">
      <Filter>CommonTypes\DataStorage</Filter>
    </ClCompile>
    <ClCompile Include="test_RevPolNotation.cpp">
      <Filter>Calculation</Filter>
    </ClCompile>
  </ItemGroup>
</Project>