
Microsoft Visual Studio Solution File, Format Version 12.00
# Visual Studio 2013
VisualStudioVersion = 12.0.21005.1
MinimumVisualStudioVersion = 10.0.40219.1
Project("{8BC9CEB8-8B4A-11D0-8D11-00A0C91BC942}") = "FMLib-static", "FMLib-static\FMLib-static.vcxproj", "{EDC1E1EB-31BF-495C-BBEE-E13E47F35ECB}"
EndProject
Project("{8BC9CEB8-8B4A-11D0-8D11-00A0C91BC942}") = "FMLib-Test", "FMLib-Test\FMLib-Test.vcxproj", "{F24F9B4D-3FE8-4FAE-A80A-1D13B28CE4F0}"
EndProject
Project("{8BC9CEB8-8B4A-11D0-8D11-00A0C91BC942}") = "Temp", "Temp\Temp.vcxproj", "{E908586C-2F17-4FD5-8B7F-AF9C42113378}"
EndProject
Project("{8BC9CEB8-8B4A-11D0-8D11-00A0C91BC942}") = "Filter", "Filter\Filter.vcxproj", "{503499F1-564D-46E2-96A9-872F950DC03E}"
EndProject
Global
	GlobalSection(SolutionConfigurationPlatforms) = preSolution
		Debug|Win32 = Debug|Win32
		Release|Win32 = Release|Win32
	EndGlobalSection
	GlobalSection(ProjectConfigurationPlatforms) = postSolution
		{EDC1E1EB-31BF-495C-BBEE-E13E47F35ECB}.Debug|Win32.ActiveCfg = Debug|Win32
		{EDC1E1EB-31BF-495C-BBEE-E13E47F35ECB}.Debug|Win32.Build.0 = Debug|Win32
		{EDC1E1EB-31BF-495C-BBEE-E13E47F35ECB}.Release|Win32.ActiveCfg = Release|Win32
		{EDC1E1EB-31BF-495C-BBEE-E13E47F35ECB}.Release|Win32.Build.0 = Release|Win32
		{F24F9B4D-3FE8-4FAE-A80A-1D13B28CE4F0}.Debug|Win32.ActiveCfg = Debug|Win32
		{F24F9B4D-3FE8-4FAE-A80A-1D13B28CE4F0}.Debug|Win32.Build.0 = Debug|Win32
		{F24F9B4D-3FE8-4FAE-A80A-1D13B28CE4F0}.Release|Win32.ActiveCfg = Release|Win32
		{F24F9B4D-3FE8-4FAE-A80A-1D13B28CE4F0}.Release|Win32.Build.0 = Release|Win32
		{E908586C-2F17-4FD5-8B7F-AF9C42113378}.Debug|Win32.ActiveCfg = Debug|Win32
		{E908586C-2F17-4FD5-8B7F-AF9C42113378}.Debug|Win32.Build.0 = Debug|Win32
		{E908586C-2F17-4FD5-8B7F-AF9C42113378}.Release|Win32.ActiveCfg = Release|Win32
		{E908586C-2F17-4FD5-8B7F-AF9C42113378}.Release|Win32.Build.0 = Release|Win32
		{503499F1-564D-46E2-96A9-872F950DC03E}.Debug|Win32.ActiveCfg = Debug|Win32
		{503499F1-564D-46E2-96A9-872F950DC03E}.Debug|Win32.Build.0 = Debug|Win32
		{503499F1-564D-46E2-96A9-872F950DC03E}.Release|Win32.ActiveCfg = Release|Win32
		{503499F1-564D-46E2-96A9-872F950DC03E}.Release|Win32.Build.0 = Release|Win32
	EndGlobalSection
	GlobalSection(SolutionProperties) = preSolution
		HideSolutionNode = FALSE
	EndGlobalSection
EndGlobal
