<?xml version="1.0" encoding="utf-8"?>
<Project ToolsVersion="4.0" xmlns="http://schemas.microsoft.com/developer/msbuild/2003">
  <ItemGroup>
    <Filter Include="MAIN">
      <UniqueIdentifier>{a717a461-6e7c-45a1-9063-030223ae7e2d}</UniqueIdentifier>
    </Filter>
  </ItemGroup>
  <ItemGroup>
    <ClInclude Include="stdafx.h">
      <Filter>MAIN</Filter>
    </ClInclude>
    <ClInclude Include="targetver.h">
      <Filter>MAIN</Filter>
    </ClInclude>
  </ItemGroup>
  <ItemGroup>
    <ClCompile Include="stdafx.cpp">
      <Filter>MAIN</Filter>
    </ClCompile>
    <ClCompile Include="Temp.cpp">
      <Filter>MAIN</Filter>
    </ClCompile>
  </ItemGroup>
  <ItemGroup>
    <Text Include="ReadMe.txt">
      <Filter>MAIN</Filter>
    </Text>
  </ItemGroup>
</Project>