<?xml version="1.0" encoding="utf-8"?>
<Project ToolsVersion="4.0" xmlns="http://schemas.microsoft.com/developer/msbuild/2003">
  <ItemGroup>
    <Filter Include="MAIN">
      <UniqueIdentifier>{4c988718-df92-411e-ab20-0d8f72cfd6e6}</UniqueIdentifier>
    </Filter>
  </ItemGroup>
  <ItemGroup>
    <ClInclude Include="stdafx.h">
      <Filter>MAIN</Filter>
    </ClInclude>
    <ClInclude Include="targetver.h">
      <Filter>MAIN</Filter>
    </ClInclude>
  </ItemGroup>
  <ItemGroup>
    <ClCompile Include="Experiments.cpp">
      <Filter>MAIN</Filter>
    </ClCompile>
    <ClCompile Include="stdafx.cpp">
      <Filter>MAIN</Filter>
    </ClCompile>
  </ItemGroup>
</Project>